
Microsoft Visual Studio Solution File, Format Version 12.00
# Visual Studio Version 16
VisualStudioVersion = 16.0.31911.196
MinimumVisualStudioVersion = 10.0.40219.1
Project("{9A19103F-16F7-4668-BE54-9A1E7A4F7556}") = "ricaun.Nuke.PackageBuilder", "ricaun.Nuke.PackageBuilder\ricaun.Nuke.PackageBuilder.csproj", "{BD946DCE-6BC5-4DF0-A82B-16541C2074FB}"
EndProject
Project("{2150E333-8FDC-42A3-9474-1A3956D46DE8}") = "Solution", "Solution", "{71BAF847-E387-47A9-8B67-CF7F915E23B4}"
	ProjectSection(SolutionItems) = preProject
		CHANGELOG.md = CHANGELOG.md
		README.md = README.md
	EndProjectSection
EndProject
Project("{9A19103F-16F7-4668-BE54-9A1E7A4F7556}") = "Build", "Build\Build.csproj", "{595F0BE9-3F26-40AA-BBEF-992BC1D377F6}"
EndProject
Project("{9A19103F-16F7-4668-BE54-9A1E7A4F7556}") = "RevitAddin.PackageBuilder.Example", "RevitAddin.PackageBuilder.Example\RevitAddin.PackageBuilder.Example.csproj", "{D2797A34-4696-490D-A97A-C17AFB5F0225}"
EndProject
Global
	GlobalSection(SolutionConfigurationPlatforms) = preSolution
		2019|Any CPU = 2019|Any CPU
		2020|Any CPU = 2020|Any CPU
		2021|Any CPU = 2021|Any CPU
		2022|Any CPU = 2022|Any CPU
		Debug|Any CPU = Debug|Any CPU
		Release|Any CPU = Release|Any CPU
	EndGlobalSection
	GlobalSection(ProjectConfigurationPlatforms) = postSolution
		{BD946DCE-6BC5-4DF0-A82B-16541C2074FB}.2019|Any CPU.ActiveCfg = Release|Any CPU
		{BD946DCE-6BC5-4DF0-A82B-16541C2074FB}.2020|Any CPU.ActiveCfg = Release|Any CPU
		{BD946DCE-6BC5-4DF0-A82B-16541C2074FB}.2021|Any CPU.ActiveCfg = Release|Any CPU
		{BD946DCE-6BC5-4DF0-A82B-16541C2074FB}.2022|Any CPU.ActiveCfg = Release|Any CPU
		{BD946DCE-6BC5-4DF0-A82B-16541C2074FB}.Debug|Any CPU.ActiveCfg = Debug|Any CPU
		{BD946DCE-6BC5-4DF0-A82B-16541C2074FB}.Debug|Any CPU.Build.0 = Debug|Any CPU
		{BD946DCE-6BC5-4DF0-A82B-16541C2074FB}.Release|Any CPU.ActiveCfg = Release|Any CPU
		{BD946DCE-6BC5-4DF0-A82B-16541C2074FB}.Release|Any CPU.Build.0 = Release|Any CPU
		{595F0BE9-3F26-40AA-BBEF-992BC1D377F6}.2019|Any CPU.ActiveCfg = Release|Any CPU
		{595F0BE9-3F26-40AA-BBEF-992BC1D377F6}.2020|Any CPU.ActiveCfg = Release|Any CPU
		{595F0BE9-3F26-40AA-BBEF-992BC1D377F6}.2021|Any CPU.ActiveCfg = Release|Any CPU
		{595F0BE9-3F26-40AA-BBEF-992BC1D377F6}.2022|Any CPU.ActiveCfg = Release|Any CPU
		{595F0BE9-3F26-40AA-BBEF-992BC1D377F6}.Debug|Any CPU.ActiveCfg = Debug|Any CPU
		{595F0BE9-3F26-40AA-BBEF-992BC1D377F6}.Release|Any CPU.ActiveCfg = Release|Any CPU
		{D2797A34-4696-490D-A97A-C17AFB5F0225}.2019|Any CPU.ActiveCfg = 2019|Any CPU
		{D2797A34-4696-490D-A97A-C17AFB5F0225}.2019|Any CPU.Build.0 = 2019|Any CPU
		{D2797A34-4696-490D-A97A-C17AFB5F0225}.2020|Any CPU.ActiveCfg = 2020|Any CPU
		{D2797A34-4696-490D-A97A-C17AFB5F0225}.2020|Any CPU.Build.0 = 2020|Any CPU
		{D2797A34-4696-490D-A97A-C17AFB5F0225}.2021|Any CPU.ActiveCfg = 2021|Any CPU
		{D2797A34-4696-490D-A97A-C17AFB5F0225}.2021|Any CPU.Build.0 = 2021|Any CPU
		{D2797A34-4696-490D-A97A-C17AFB5F0225}.2022|Any CPU.ActiveCfg = 2022|Any CPU
		{D2797A34-4696-490D-A97A-C17AFB5F0225}.2022|Any CPU.Build.0 = 2022|Any CPU
		{D2797A34-4696-490D-A97A-C17AFB5F0225}.Debug|Any CPU.ActiveCfg = Debug 2019|Any CPU
		{D2797A34-4696-490D-A97A-C17AFB5F0225}.Release|Any CPU.ActiveCfg = 2019|Any CPU
	EndGlobalSection
	GlobalSection(SolutionProperties) = preSolution
		HideSolutionNode = FALSE
	EndGlobalSection
	GlobalSection(ExtensibilityGlobals) = postSolution
		SolutionGuid = {B103D465-1E31-4E7D-9D2D-F599D87E11F1}
	EndGlobalSection
EndGlobal
